
Microsoft Visual Studio Solution File, Format Version 12.00
# Visual Studio Version 16
VisualStudioVersion = 16.0.30621.155
MinimumVisualStudioVersion = 10.0.40219.1
Project("{8BC9CEB8-8B4A-11D0-8D11-00A0C91BC942}") = "leetcode_no104_二叉树的最大深度_w2", "leetcode_no104_二叉树的最大深度_w2.vcxproj", "{774905C5-2349-48AD-BB69-7854D911C48F}"
EndProject
Global
	GlobalSection(SolutionConfigurationPlatforms) = preSolution
		Debug|x64 = Debug|x64
		Debug|x86 = Debug|x86
		Release|x64 = Release|x64
		Release|x86 = Release|x86
	EndGlobalSection
	GlobalSection(ProjectConfigurationPlatforms) = postSolution
		{774905C5-2349-48AD-BB69-7854D911C48F}.Debug|x64.ActiveCfg = Debug|x64
		{774905C5-2349-48AD-BB69-7854D911C48F}.Debug|x64.Build.0 = Debug|x64
		{774905C5-2349-48AD-BB69-7854D911C48F}.Debug|x86.ActiveCfg = Debug|Win32
		{774905C5-2349-48AD-BB69-7854D911C48F}.Debug|x86.Build.0 = Debug|Win32
		{774905C5-2349-48AD-BB69-7854D911C48F}.Release|x64.ActiveCfg = Release|x64
		{774905C5-2349-48AD-BB69-7854D911C48F}.Release|x64.Build.0 = Release|x64
		{774905C5-2349-48AD-BB69-7854D911C48F}.Release|x86.ActiveCfg = Release|Win32
		{774905C5-2349-48AD-BB69-7854D911C48F}.Release|x86.Build.0 = Release|Win32
	EndGlobalSection
	GlobalSection(SolutionProperties) = preSolution
		HideSolutionNode = FALSE
	EndGlobalSection
	GlobalSection(ExtensibilityGlobals) = postSolution
		SolutionGuid = {30568492-6732-4E72-880E-1E820944EAFA}
	EndGlobalSection
EndGlobal
